
Microsoft Visual Studio Solution File, Format Version 12.00
# Visual Studio Version 17
VisualStudioVersion = 17.2.32616.157
MinimumVisualStudioVersion = 10.0.40219.1
Project("{FAE04EC0-301F-11D3-BF4B-00C04F79EFBC}") = "ThreadHome", "ThreadHome\ThreadHome.csproj", "{C750B243-DAD7-474A-921C-E7C0B13A26A0}"
EndProject
Global
	GlobalSection(SolutionConfigurationPlatforms) = preSolution
		Debug|Any CPU = Debug|Any CPU
		Release|Any CPU = Release|Any CPU
	EndGlobalSection
	GlobalSection(ProjectConfigurationPlatforms) = postSolution
		{C750B243-DAD7-474A-921C-E7C0B13A26A0}.Debug|Any CPU.ActiveCfg = Debug|Any CPU
		{C750B243-DAD7-474A-921C-E7C0B13A26A0}.Debug|Any CPU.Build.0 = Debug|Any CPU
		{C750B243-DAD7-474A-921C-E7C0B13A26A0}.Release|Any CPU.ActiveCfg = Release|Any CPU
		{C750B243-DAD7-474A-921C-E7C0B13A26A0}.Release|Any CPU.Build.0 = Release|Any CPU
	EndGlobalSection
	GlobalSection(SolutionProperties) = preSolution
		HideSolutionNode = FALSE
	EndGlobalSection
	GlobalSection(ExtensibilityGlobals) = postSolution
		SolutionGuid = {E9E1CF9A-D0E5-43FD-AC5A-ADC230898F7B}
	EndGlobalSection
EndGlobal
